// !$*UTF8*$!
{
	archiveVersion = 1;
	classes = {
	};
	objectVersion = 48;
	objects = {

/* Begin PBXBuildFile section */
		1456B0CE52DDDE8CB5A78325 /* Pods_ITunesStartProject.framework in Frameworks */ = {isa = PBXBuildFile; fileRef = 4175984DFEA82F05527DDD6B /* Pods_ITunesStartProject.framework */; };
		F33F92792080014D0021CB2A /* DependencyContainer.swift in Sources */ = {isa = PBXBuildFile; fileRef = F33F92782080014D0021CB2A /* DependencyContainer.swift */; };
		F344F3D7207E5E7400BD0AC9 /* AppDelegate.swift in Sources */ = {isa = PBXBuildFile; fileRef = F344F3D6207E5E7400BD0AC9 /* AppDelegate.swift */; };
		F344F3D9207E5E7400BD0AC9 /* SearchViewController.swift in Sources */ = {isa = PBXBuildFile; fileRef = F344F3D8207E5E7400BD0AC9 /* SearchViewController.swift */; };
		F344F3DC207E5E7400BD0AC9 /* Main.storyboard in Resources */ = {isa = PBXBuildFile; fileRef = F344F3DA207E5E7400BD0AC9 /* Main.storyboard */; };
		F344F3DE207E5E7400BD0AC9 /* Assets.xcassets in Resources */ = {isa = PBXBuildFile; fileRef = F344F3DD207E5E7400BD0AC9 /* Assets.xcassets */; };
		F344F3E1207E5E7400BD0AC9 /* LaunchScreen.storyboard in Resources */ = {isa = PBXBuildFile; fileRef = F344F3DF207E5E7400BD0AC9 /* LaunchScreen.storyboard */; };
		F344F3EC207E656100BD0AC9 /* TrackPlayerViewController.swift in Sources */ = {isa = PBXBuildFile; fileRef = F344F3EB207E656100BD0AC9 /* TrackPlayerViewController.swift */; };
		F344F3EE207E65D300BD0AC9 /* SearchTableViewCell.swift in Sources */ = {isa = PBXBuildFile; fileRef = F344F3ED207E65D300BD0AC9 /* SearchTableViewCell.swift */; };
		F344F3F2207E690000BD0AC9 /* SongModel.swift in Sources */ = {isa = PBXBuildFile; fileRef = F344F3F1207E690000BD0AC9 /* SongModel.swift */; };
		F351A96F207FA5030006BD3C /* ConfigurableTarget.swift in Sources */ = {isa = PBXBuildFile; fileRef = F351A96E207FA5030006BD3C /* ConfigurableTarget.swift */; };
		F3DEB0BC207FE1C400650D8D /* ITunesSearchPresenter.swift in Sources */ = {isa = PBXBuildFile; fileRef = F3DEB0BB207FE1C400650D8D /* ITunesSearchPresenter.swift */; };
		F3EF601C207FB20800FC7D88 /* CoreProvider.swift in Sources */ = {isa = PBXBuildFile; fileRef = F3EF601B207FB20800FC7D88 /* CoreProvider.swift */; };
		F3EF601F207FB3E700FC7D88 /* ITunesSearchTarget.swift in Sources */ = {isa = PBXBuildFile; fileRef = F3EF601E207FB3E700FC7D88 /* ITunesSearchTarget.swift */; };
		F3EF6023207FBB3500FC7D88 /* ApiTarget.swift in Sources */ = {isa = PBXBuildFile; fileRef = F3EF6022207FBB3500FC7D88 /* ApiTarget.swift */; };
		F3EF6026207FD61700FC7D88 /* APIError.swift in Sources */ = {isa = PBXBuildFile; fileRef = F3EF6025207FD61700FC7D88 /* APIError.swift */; };
		F3EF6029207FD6E200FC7D88 /* ITunesSearchClient.swift in Sources */ = {isa = PBXBuildFile; fileRef = F3EF6028207FD6E200FC7D88 /* ITunesSearchClient.swift */; };
		F3EF602C207FDBE800FC7D88 /* ITunesSearchRepository.swift in Sources */ = {isa = PBXBuildFile; fileRef = F3EF602B207FDBE800FC7D88 /* ITunesSearchRepository.swift */; };
/* End PBXBuildFile section */

/* Begin PBXFileReference section */
		4175984DFEA82F05527DDD6B /* Pods_ITunesStartProject.framework */ = {isa = PBXFileReference; explicitFileType = wrapper.framework; includeInIndex = 0; path = Pods_ITunesStartProject.framework; sourceTree = BUILT_PRODUCTS_DIR; };
		C26B3CCF5CC11392632A9815 /* Pods-ITunesStartProject.release.xcconfig */ = {isa = PBXFileReference; includeInIndex = 1; lastKnownFileType = text.xcconfig; name = "Pods-ITunesStartProject.release.xcconfig"; path = "Pods/Target Support Files/Pods-ITunesStartProject/Pods-ITunesStartProject.release.xcconfig"; sourceTree = "<group>"; };
		EE5B1C40FD47703D5B3B4B20 /* Pods-ITunesStartProject.debug.xcconfig */ = {isa = PBXFileReference; includeInIndex = 1; lastKnownFileType = text.xcconfig; name = "Pods-ITunesStartProject.debug.xcconfig"; path = "Pods/Target Support Files/Pods-ITunesStartProject/Pods-ITunesStartProject.debug.xcconfig"; sourceTree = "<group>"; };
		F33F92782080014D0021CB2A /* DependencyContainer.swift */ = {isa = PBXFileReference; lastKnownFileType = sourcecode.swift; path = DependencyContainer.swift; sourceTree = "<group>"; };
		F344F3D3207E5E7400BD0AC9 /* ITunesStartProject.app */ = {isa = PBXFileReference; explicitFileType = wrapper.application; includeInIndex = 0; path = ITunesStartProject.app; sourceTree = BUILT_PRODUCTS_DIR; };
		F344F3D6207E5E7400BD0AC9 /* AppDelegate.swift */ = {isa = PBXFileReference; lastKnownFileType = sourcecode.swift; path = AppDelegate.swift; sourceTree = "<group>"; };
		F344F3D8207E5E7400BD0AC9 /* SearchViewController.swift */ = {isa = PBXFileReference; lastKnownFileType = sourcecode.swift; path = SearchViewController.swift; sourceTree = "<group>"; };
		F344F3DB207E5E7400BD0AC9 /* Base */ = {isa = PBXFileReference; lastKnownFileType = file.storyboard; name = Base; path = Base.lproj/Main.storyboard; sourceTree = "<group>"; };
		F344F3DD207E5E7400BD0AC9 /* Assets.xcassets */ = {isa = PBXFileReference; lastKnownFileType = folder.assetcatalog; path = Assets.xcassets; sourceTree = "<group>"; };
		F344F3E0207E5E7400BD0AC9 /* Base */ = {isa = PBXFileReference; lastKnownFileType = file.storyboard; name = Base; path = Base.lproj/LaunchScreen.storyboard; sourceTree = "<group>"; };
		F344F3E2207E5E7400BD0AC9 /* Info.plist */ = {isa = PBXFileReference; lastKnownFileType = text.plist.xml; path = Info.plist; sourceTree = "<group>"; };
		F344F3EB207E656100BD0AC9 /* TrackPlayerViewController.swift */ = {isa = PBXFileReference; lastKnownFileType = sourcecode.swift; path = TrackPlayerViewController.swift; sourceTree = "<group>"; };
		F344F3ED207E65D300BD0AC9 /* SearchTableViewCell.swift */ = {isa = PBXFileReference; lastKnownFileType = sourcecode.swift; path = SearchTableViewCell.swift; sourceTree = "<group>"; };
		F344F3F1207E690000BD0AC9 /* SongModel.swift */ = {isa = PBXFileReference; lastKnownFileType = sourcecode.swift; path = SongModel.swift; sourceTree = "<group>"; };
		F351A96E207FA5030006BD3C /* ConfigurableTarget.swift */ = {isa = PBXFileReference; lastKnownFileType = sourcecode.swift; path = ConfigurableTarget.swift; sourceTree = "<group>"; };
		F3DEB0BB207FE1C400650D8D /* ITunesSearchPresenter.swift */ = {isa = PBXFileReference; lastKnownFileType = sourcecode.swift; path = ITunesSearchPresenter.swift; sourceTree = "<group>"; };
		F3EF601B207FB20800FC7D88 /* CoreProvider.swift */ = {isa = PBXFileReference; lastKnownFileType = sourcecode.swift; path = CoreProvider.swift; sourceTree = "<group>"; };
		F3EF601E207FB3E700FC7D88 /* ITunesSearchTarget.swift */ = {isa = PBXFileReference; lastKnownFileType = sourcecode.swift; path = ITunesSearchTarget.swift; sourceTree = "<group>"; };
		F3EF6022207FBB3500FC7D88 /* ApiTarget.swift */ = {isa = PBXFileReference; lastKnownFileType = sourcecode.swift; path = ApiTarget.swift; sourceTree = "<group>"; };
		F3EF6025207FD61700FC7D88 /* APIError.swift */ = {isa = PBXFileReference; lastKnownFileType = sourcecode.swift; path = APIError.swift; sourceTree = "<group>"; };
		F3EF6028207FD6E200FC7D88 /* ITunesSearchClient.swift */ = {isa = PBXFileReference; lastKnownFileType = sourcecode.swift; path = ITunesSearchClient.swift; sourceTree = "<group>"; };
		F3EF602B207FDBE800FC7D88 /* ITunesSearchRepository.swift */ = {isa = PBXFileReference; lastKnownFileType = sourcecode.swift; path = ITunesSearchRepository.swift; sourceTree = "<group>"; };
/* End PBXFileReference section */

/* Begin PBXFrameworksBuildPhase section */
		F344F3D0207E5E7400BD0AC9 /* Frameworks */ = {
			isa = PBXFrameworksBuildPhase;
			buildActionMask = 2147483647;
			files = (
				1456B0CE52DDDE8CB5A78325 /* Pods_ITunesStartProject.framework in Frameworks */,
			);
			runOnlyForDeploymentPostprocessing = 0;
		};
/* End PBXFrameworksBuildPhase section */

/* Begin PBXGroup section */
		92F3C9C033D73723B123673C /* Pods */ = {
			isa = PBXGroup;
			children = (
				EE5B1C40FD47703D5B3B4B20 /* Pods-ITunesStartProject.debug.xcconfig */,
				C26B3CCF5CC11392632A9815 /* Pods-ITunesStartProject.release.xcconfig */,
			);
			name = Pods;
			sourceTree = "<group>";
		};
		D1E89D3FEC47687C00676720 /* Frameworks */ = {
			isa = PBXGroup;
			children = (
				4175984DFEA82F05527DDD6B /* Pods_ITunesStartProject.framework */,
			);
			name = Frameworks;
			sourceTree = "<group>";
		};
		F33F92772080012B0021CB2A /* Initialization */ = {
			isa = PBXGroup;
			children = (
				F33F92782080014D0021CB2A /* DependencyContainer.swift */,
			);
			path = Initialization;
			sourceTree = "<group>";
		};
		F344F3CA207E5E7400BD0AC9 = {
			isa = PBXGroup;
			children = (
				F344F3D5207E5E7400BD0AC9 /* ITunesStartProject */,
				F344F3D4207E5E7400BD0AC9 /* Products */,
				92F3C9C033D73723B123673C /* Pods */,
				D1E89D3FEC47687C00676720 /* Frameworks */,
			);
			sourceTree = "<group>";
		};
		F344F3D4207E5E7400BD0AC9 /* Products */ = {
			isa = PBXGroup;
			children = (
				F344F3D3207E5E7400BD0AC9 /* ITunesStartProject.app */,
			);
			name = Products;
			sourceTree = "<group>";
		};
		F344F3D5207E5E7400BD0AC9 /* ITunesStartProject */ = {
			isa = PBXGroup;
			children = (
				F33F92772080012B0021CB2A /* Initialization */,
				F3DEB0BA207FE1AE00650D8D /* Presenter */,
				F3EF602A207FDBD500FC7D88 /* Repository */,
				F3EF6027207FD6C900FC7D88 /* Clients */,
				F351A96C207FA4D50006BD3C /* DataAccess */,
				F344F3EF207E68B500BD0AC9 /* Resources */,
				F344F3E8207E651700BD0AC9 /* Views */,
				F344F3D6207E5E7400BD0AC9 /* AppDelegate.swift */,
				F344F3DA207E5E7400BD0AC9 /* Main.storyboard */,
				F344F3DF207E5E7400BD0AC9 /* LaunchScreen.storyboard */,
				F344F3E2207E5E7400BD0AC9 /* Info.plist */,
			);
			path = ITunesStartProject;
			sourceTree = "<group>";
		};
		F344F3E8207E651700BD0AC9 /* Views */ = {
			isa = PBXGroup;
			children = (
				F344F3EA207E652E00BD0AC9 /* Cells */,
				F344F3E9207E652800BD0AC9 /* ViewControllers */,
			);
			path = Views;
			sourceTree = "<group>";
		};
		F344F3E9207E652800BD0AC9 /* ViewControllers */ = {
			isa = PBXGroup;
			children = (
				F344F3D8207E5E7400BD0AC9 /* SearchViewController.swift */,
				F344F3EB207E656100BD0AC9 /* TrackPlayerViewController.swift */,
			);
			path = ViewControllers;
			sourceTree = "<group>";
		};
		F344F3EA207E652E00BD0AC9 /* Cells */ = {
			isa = PBXGroup;
			children = (
				F344F3ED207E65D300BD0AC9 /* SearchTableViewCell.swift */,
			);
			path = Cells;
			sourceTree = "<group>";
		};
		F344F3EF207E68B500BD0AC9 /* Resources */ = {
			isa = PBXGroup;
			children = (
				F344F3DD207E5E7400BD0AC9 /* Assets.xcassets */,
			);
			path = Resources;
			sourceTree = "<group>";
		};
		F344F3F0207E68E200BD0AC9 /* Models */ = {
			isa = PBXGroup;
			children = (
				F344F3F1207E690000BD0AC9 /* SongModel.swift */,
			);
			path = Models;
			sourceTree = "<group>";
		};
		F351A96C207FA4D50006BD3C /* DataAccess */ = {
			isa = PBXGroup;
			children = (
				F3EF6024207FD60000FC7D88 /* Helpers */,
				F3EF601D207FB3D000FC7D88 /* Target */,
				F344F3F0207E68E200BD0AC9 /* Models */,
				F351A96D207FA4E70006BD3C /* Core */,
			);
			path = DataAccess;
			sourceTree = "<group>";
		};
		F351A96D207FA4E70006BD3C /* Core */ = {
			isa = PBXGroup;
			children = (
				F351A96E207FA5030006BD3C /* ConfigurableTarget.swift */,
				F3EF601B207FB20800FC7D88 /* CoreProvider.swift */,
				F3EF6022207FBB3500FC7D88 /* ApiTarget.swift */,
			);
			path = Core;
			sourceTree = "<group>";
		};
		F3DEB0BA207FE1AE00650D8D /* Presenter */ = {
			isa = PBXGroup;
			children = (
				F3DEB0BB207FE1C400650D8D /* ITunesSearchPresenter.swift */,
			);
			path = Presenter;
			sourceTree = "<group>";
		};
		F3EF601D207FB3D000FC7D88 /* Target */ = {
			isa = PBXGroup;
			children = (
				F3EF601E207FB3E700FC7D88 /* ITunesSearchTarget.swift */,
			);
			path = Target;
			sourceTree = "<group>";
		};
		F3EF6024207FD60000FC7D88 /* Helpers */ = {
			isa = PBXGroup;
			children = (
				F3EF6025207FD61700FC7D88 /* APIError.swift */,
			);
			path = Helpers;
			sourceTree = "<group>";
		};
		F3EF6027207FD6C900FC7D88 /* Clients */ = {
			isa = PBXGroup;
			children = (
				F3EF6028207FD6E200FC7D88 /* ITunesSearchClient.swift */,
			);
			path = Clients;
			sourceTree = "<group>";
		};
		F3EF602A207FDBD500FC7D88 /* Repository */ = {
			isa = PBXGroup;
			children = (
				F3EF602B207FDBE800FC7D88 /* ITunesSearchRepository.swift */,
			);
			path = Repository;
			sourceTree = "<group>";
		};
/* End PBXGroup section */

/* Begin PBXNativeTarget section */
		F344F3D2207E5E7400BD0AC9 /* ITunesStartProject */ = {
			isa = PBXNativeTarget;
			buildConfigurationList = F344F3E5207E5E7400BD0AC9 /* Build configuration list for PBXNativeTarget "ITunesStartProject" */;
			buildPhases = (
				E4526246DB5C9E7F6C9135B0 /* [CP] Check Pods Manifest.lock */,
				F344F3CF207E5E7400BD0AC9 /* Sources */,
				F344F3D0207E5E7400BD0AC9 /* Frameworks */,
				F344F3D1207E5E7400BD0AC9 /* Resources */,
				6D5E46CB9693C2F6296AEDAF /* [CP] Embed Pods Frameworks */,
			);
			buildRules = (
			);
			dependencies = (
			);
			name = ITunesStartProject;
			productName = ITunesStartProject;
			productReference = F344F3D3207E5E7400BD0AC9 /* ITunesStartProject.app */;
			productType = "com.apple.product-type.application";
		};
/* End PBXNativeTarget section */

/* Begin PBXProject section */
		F344F3CB207E5E7400BD0AC9 /* Project object */ = {
			isa = PBXProject;
			attributes = {
				LastSwiftUpdateCheck = 0920;
				LastUpgradeCheck = 0920;
				ORGANIZATIONNAME = "Artem Zemtsov";
				TargetAttributes = {
					F344F3D2207E5E7400BD0AC9 = {
						CreatedOnToolsVersion = 9.2;
						ProvisioningStyle = Automatic;
					};
				};
			};
			buildConfigurationList = F344F3CE207E5E7400BD0AC9 /* Build configuration list for PBXProject "ITunesStartProject" */;
			compatibilityVersion = "Xcode 8.0";
			developmentRegion = en;
			hasScannedForEncodings = 0;
			knownRegions = (
				en,
				Base,
			);
			mainGroup = F344F3CA207E5E7400BD0AC9;
			productRefGroup = F344F3D4207E5E7400BD0AC9 /* Products */;
			projectDirPath = "";
			projectRoot = "";
			targets = (
				F344F3D2207E5E7400BD0AC9 /* ITunesStartProject */,
			);
		};
/* End PBXProject section */

/* Begin PBXResourcesBuildPhase section */
		F344F3D1207E5E7400BD0AC9 /* Resources */ = {
			isa = PBXResourcesBuildPhase;
			buildActionMask = 2147483647;
			files = (
				F344F3E1207E5E7400BD0AC9 /* LaunchScreen.storyboard in Resources */,
				F344F3DE207E5E7400BD0AC9 /* Assets.xcassets in Resources */,
				F344F3DC207E5E7400BD0AC9 /* Main.storyboard in Resources */,
			);
			runOnlyForDeploymentPostprocessing = 0;
		};
/* End PBXResourcesBuildPhase section */

/* Begin PBXShellScriptBuildPhase section */
		6D5E46CB9693C2F6296AEDAF /* [CP] Embed Pods Frameworks */ = {
			isa = PBXShellScriptBuildPhase;
			buildActionMask = 2147483647;
			files = (
			);
			inputPaths = (
				"${SRCROOT}/Pods/Target Support Files/Pods-ITunesStartProject/Pods-ITunesStartProject-frameworks.sh",
				"${BUILT_PRODUCTS_DIR}/Alamofire/Alamofire.framework",
				"${BUILT_PRODUCTS_DIR}/Dip/Dip.framework",
				"${BUILT_PRODUCTS_DIR}/IQKeyboardManagerSwift/IQKeyboardManagerSwift.framework",
				"${BUILT_PRODUCTS_DIR}/Kingfisher/Kingfisher.framework",
				"${BUILT_PRODUCTS_DIR}/Moya/Moya.framework",
				"${BUILT_PRODUCTS_DIR}/PKHUD/PKHUD.framework",
				"${BUILT_PRODUCTS_DIR}/PromiseKit/PromiseKit.framework",
				"${BUILT_PRODUCTS_DIR}/Result/Result.framework",
			);
			name = "[CP] Embed Pods Frameworks";
			outputPaths = (
				"${TARGET_BUILD_DIR}/${FRAMEWORKS_FOLDER_PATH}/Alamofire.framework",
				"${TARGET_BUILD_DIR}/${FRAMEWORKS_FOLDER_PATH}/Dip.framework",
				"${TARGET_BUILD_DIR}/${FRAMEWORKS_FOLDER_PATH}/IQKeyboardManagerSwift.framework",
				"${TARGET_BUILD_DIR}/${FRAMEWORKS_FOLDER_PATH}/Kingfisher.framework",
				"${TARGET_BUILD_DIR}/${FRAMEWORKS_FOLDER_PATH}/Moya.framework",
				"${TARGET_BUILD_DIR}/${FRAMEWORKS_FOLDER_PATH}/PKHUD.framework",
				"${TARGET_BUILD_DIR}/${FRAMEWORKS_FOLDER_PATH}/PromiseKit.framework",
				"${TARGET_BUILD_DIR}/${FRAMEWORKS_FOLDER_PATH}/Result.framework",
			);
			runOnlyForDeploymentPostprocessing = 0;
			shellPath = /bin/sh;
			shellScript = "\"${SRCROOT}/Pods/Target Support Files/Pods-ITunesStartProject/Pods-ITunesStartProject-frameworks.sh\"\n";
			showEnvVarsInLog = 0;
		};
		E4526246DB5C9E7F6C9135B0 /* [CP] Check Pods Manifest.lock */ = {
			isa = PBXShellScriptBuildPhase;
			buildActionMask = 2147483647;
			files = (
			);
			inputPaths = (
				"${PODS_PODFILE_DIR_PATH}/Podfile.lock",
				"${PODS_ROOT}/Manifest.lock",
			);
			name = "[CP] Check Pods Manifest.lock";
			outputPaths = (
				"$(DERIVED_FILE_DIR)/Pods-ITunesStartProject-checkManifestLockResult.txt",
			);
			runOnlyForDeploymentPostprocessing = 0;
			shellPath = /bin/sh;
			shellScript = "diff \"${PODS_PODFILE_DIR_PATH}/Podfile.lock\" \"${PODS_ROOT}/Manifest.lock\" > /dev/null\nif [ $? != 0 ] ; then\n    # print error to STDERR\n    echo \"error: The sandbox is not in sync with the Podfile.lock. Run 'pod install' or update your CocoaPods installation.\" >&2\n    exit 1\nfi\n# This output is used by Xcode 'outputs' to avoid re-running this script phase.\necho \"SUCCESS\" > \"${SCRIPT_OUTPUT_FILE_0}\"\n";
			showEnvVarsInLog = 0;
		};
/* End PBXShellScriptBuildPhase section */

/* Begin PBXSourcesBuildPhase section */
		F344F3CF207E5E7400BD0AC9 /* Sources */ = {
			isa = PBXSourcesBuildPhase;
			buildActionMask = 2147483647;
			files = (
				F33F92792080014D0021CB2A /* DependencyContainer.swift in Sources */,
				F3DEB0BC207FE1C400650D8D /* ITunesSearchPresenter.swift in Sources */,
				F344F3D9207E5E7400BD0AC9 /* SearchViewController.swift in Sources */,
				F3EF601C207FB20800FC7D88 /* CoreProvider.swift in Sources */,
				F344F3F2207E690000BD0AC9 /* SongModel.swift in Sources */,
				F344F3EE207E65D300BD0AC9 /* SearchTableViewCell.swift in Sources */,
				F344F3EC207E656100BD0AC9 /* TrackPlayerViewController.swift in Sources */,
				F351A96F207FA5030006BD3C /* ConfigurableTarget.swift in Sources */,
				F344F3D7207E5E7400BD0AC9 /* AppDelegate.swift in Sources */,
				F3EF6029207FD6E200FC7D88 /* ITunesSearchClient.swift in Sources */,
				F3EF602C207FDBE800FC7D88 /* ITunesSearchRepository.swift in Sources */,
				F3EF601F207FB3E700FC7D88 /* ITunesSearchTarget.swift in Sources */,
				F3EF6023207FBB3500FC7D88 /* ApiTarget.swift in Sources */,
				F3EF6026207FD61700FC7D88 /* APIError.swift in Sources */,
			);
			runOnlyForDeploymentPostprocessing = 0;
		};
/* End PBXSourcesBuildPhase section */

/* Begin PBXVariantGroup section */
		F344F3DA207E5E7400BD0AC9 /* Main.storyboard */ = {
			isa = PBXVariantGroup;
			children = (
				F344F3DB207E5E7400BD0AC9 /* Base */,
			);
			name = Main.storyboard;
			sourceTree = "<group>";
		};
		F344F3DF207E5E7400BD0AC9 /* LaunchScreen.storyboard */ = {
			isa = PBXVariantGroup;
			children = (
				F344F3E0207E5E7400BD0AC9 /* Base */,
			);
			name = LaunchScreen.storyboard;
			sourceTree = "<group>";
		};
/* End PBXVariantGroup section */

/* Begin XCBuildConfiguration section */
		F344F3E3207E5E7400BD0AC9 /* Debug */ = {
			isa = XCBuildConfiguration;
			buildSettings = {
				ALWAYS_SEARCH_USER_PATHS = NO;
				CLANG_ANALYZER_NONNULL = YES;
				CLANG_ANALYZER_NUMBER_OBJECT_CONVERSION = YES_AGGRESSIVE;
				CLANG_CXX_LANGUAGE_STANDARD = "gnu++14";
				CLANG_CXX_LIBRARY = "libc++";
				CLANG_ENABLE_MODULES = YES;
				CLANG_ENABLE_OBJC_ARC = YES;
				CLANG_WARN_BLOCK_CAPTURE_AUTORELEASING = YES;
				CLANG_WARN_BOOL_CONVERSION = YES;
				CLANG_WARN_COMMA = YES;
				CLANG_WARN_CONSTANT_CONVERSION = YES;
				CLANG_WARN_DIRECT_OBJC_ISA_USAGE = YES_ERROR;
				CLANG_WARN_DOCUMENTATION_COMMENTS = YES;
				CLANG_WARN_EMPTY_BODY = YES;
				CLANG_WARN_ENUM_CONVERSION = YES;
				CLANG_WARN_INFINITE_RECURSION = YES;
				CLANG_WARN_INT_CONVERSION = YES;
				CLANG_WARN_NON_LITERAL_NULL_CONVERSION = YES;
				CLANG_WARN_OBJC_LITERAL_CONVERSION = YES;
				CLANG_WARN_OBJC_ROOT_CLASS = YES_ERROR;
				CLANG_WARN_RANGE_LOOP_ANALYSIS = YES;
				CLANG_WARN_STRICT_PROTOTYPES = YES;
				CLANG_WARN_SUSPICIOUS_MOVE = YES;
				CLANG_WARN_UNGUARDED_AVAILABILITY = YES_AGGRESSIVE;
				CLANG_WARN_UNREACHABLE_CODE = YES;
				CLANG_WARN__DUPLICATE_METHOD_MATCH = YES;
				CODE_SIGN_IDENTITY = "iPhone Developer";
				COPY_PHASE_STRIP = NO;
				DEBUG_INFORMATION_FORMAT = dwarf;
				ENABLE_STRICT_OBJC_MSGSEND = YES;
				ENABLE_TESTABILITY = YES;
				GCC_C_LANGUAGE_STANDARD = gnu11;
				GCC_DYNAMIC_NO_PIC = NO;
				GCC_NO_COMMON_BLOCKS = YES;
				GCC_OPTIMIZATION_LEVEL = 0;
				GCC_PREPROCESSOR_DEFINITIONS = (
					"DEBUG=1",
					"$(inherited)",
				);
				GCC_WARN_64_TO_32_BIT_CONVERSION = YES;
				GCC_WARN_ABOUT_RETURN_TYPE = YES_ERROR;
				GCC_WARN_UNDECLARED_SELECTOR = YES;
				GCC_WARN_UNINITIALIZED_AUTOS = YES_AGGRESSIVE;
				GCC_WARN_UNUSED_FUNCTION = YES;
				GCC_WARN_UNUSED_VARIABLE = YES;
				IPHONEOS_DEPLOYMENT_TARGET = 11.2;
				MTL_ENABLE_DEBUG_INFO = YES;
				ONLY_ACTIVE_ARCH = YES;
				SDKROOT = iphoneos;
				SWIFT_ACTIVE_COMPILATION_CONDITIONS = DEBUG;
				SWIFT_OPTIMIZATION_LEVEL = "-Onone";
			};
			name = Debug;
		};
		F344F3E4207E5E7400BD0AC9 /* Release */ = {
			isa = XCBuildConfiguration;
			buildSettings = {
				ALWAYS_SEARCH_USER_PATHS = NO;
				CLANG_ANALYZER_NONNULL = YES;
				CLANG_ANALYZER_NUMBER_OBJECT_CONVERSION = YES_AGGRESSIVE;
				CLANG_CXX_LANGUAGE_STANDARD = "gnu++14";
				CLANG_CXX_LIBRARY = "libc++";
				CLANG_ENABLE_MODULES = YES;
				CLANG_ENABLE_OBJC_ARC = YES;
				CLANG_WARN_BLOCK_CAPTURE_AUTORELEASING = YES;
				CLANG_WARN_BOOL_CONVERSION = YES;
				CLANG_WARN_COMMA = YES;
				CLANG_WARN_CONSTANT_CONVERSION = YES;
				CLANG_WARN_DIRECT_OBJC_ISA_USAGE = YES_ERROR;
				CLANG_WARN_DOCUMENTATION_COMMENTS = YES;
				CLANG_WARN_EMPTY_BODY = YES;
				CLANG_WARN_ENUM_CONVERSION = YES;
				CLANG_WARN_INFINITE_RECURSION = YES;
				CLANG_WARN_INT_CONVERSION = YES;
				CLANG_WARN_NON_LITERAL_NULL_CONVERSION = YES;
				CLANG_WARN_OBJC_LITERAL_CONVERSION = YES;
				CLANG_WARN_OBJC_ROOT_CLASS = YES_ERROR;
				CLANG_WARN_RANGE_LOOP_ANALYSIS = YES;
				CLANG_WARN_STRICT_PROTOTYPES = YES;
				CLANG_WARN_SUSPICIOUS_MOVE = YES;
				CLANG_WARN_UNGUARDED_AVAILABILITY = YES_AGGRESSIVE;
				CLANG_WARN_UNREACHABLE_CODE = YES;
				CLANG_WARN__DUPLICATE_METHOD_MATCH = YES;
				CODE_SIGN_IDENTITY = "iPhone Developer";
				COPY_PHASE_STRIP = NO;
				DEBUG_INFORMATION_FORMAT = "dwarf-with-dsym";
				ENABLE_NS_ASSERTIONS = NO;
				ENABLE_STRICT_OBJC_MSGSEND = YES;
				GCC_C_LANGUAGE_STANDARD = gnu11;
				GCC_NO_COMMON_BLOCKS = YES;
				GCC_WARN_64_TO_32_BIT_CONVERSION = YES;
				GCC_WARN_ABOUT_RETURN_TYPE = YES_ERROR;
				GCC_WARN_UNDECLARED_SELECTOR = YES;
				GCC_WARN_UNINITIALIZED_AUTOS = YES_AGGRESSIVE;
				GCC_WARN_UNUSED_FUNCTION = YES;
				GCC_WARN_UNUSED_VARIABLE = YES;
				IPHONEOS_DEPLOYMENT_TARGET = 11.2;
				MTL_ENABLE_DEBUG_INFO = NO;
				SDKROOT = iphoneos;
				SWIFT_OPTIMIZATION_LEVEL = "-Owholemodule";
				VALIDATE_PRODUCT = YES;
			};
			name = Release;
		};
		F344F3E6207E5E7400BD0AC9 /* Debug */ = {
			isa = XCBuildConfiguration;
			baseConfigurationReference = EE5B1C40FD47703D5B3B4B20 /* Pods-ITunesStartProject.debug.xcconfig */;
			buildSettings = {
				ASSETCATALOG_COMPILER_APPICON_NAME = AppIcon;
				CODE_SIGN_STYLE = Automatic;
				DEVELOPMENT_TEAM = 8YT73R22SD;
				INFOPLIST_FILE = ITunesStartProject/Info.plist;
				LD_RUNPATH_SEARCH_PATHS = "$(inherited) @executable_path/Frameworks";
				PRODUCT_BUNDLE_IDENTIFIER = com.testwork.ITunesStartProject;
				PRODUCT_NAME = "$(TARGET_NAME)";
				SWIFT_VERSION = 4.0;
				TARGETED_DEVICE_FAMILY = "1,2";
			};
			name = Debug;
		};
		F344F3E7207E5E7400BD0AC9 /* Release */ = {
			isa = XCBuildConfiguration;
			baseConfigurationReference = C26B3CCF5CC11392632A9815 /* Pods-ITunesStartProject.release.xcconfig */;
			buildSettings = {
				ASSETCATALOG_COMPILER_APPICON_NAME = AppIcon;
				CODE_SIGN_STYLE = Automatic;
				DEVELOPMENT_TEAM = 8YT73R22SD;
				INFOPLIST_FILE = ITunesStartProject/Info.plist;
				LD_RUNPATH_SEARCH_PATHS = "$(inherited) @executable_path/Frameworks";
				PRODUCT_BUNDLE_IDENTIFIER = com.testwork.ITunesStartProject;
				PRODUCT_NAME = "$(TARGET_NAME)";
				SWIFT_VERSION = 4.0;
				TARGETED_DEVICE_FAMILY = "1,2";
			};
			name = Release;
		};
/* End XCBuildConfiguration section */

/* Begin XCConfigurationList section */
		F344F3CE207E5E7400BD0AC9 /* Build configuration list for PBXProject "ITunesStartProject" */ = {
			isa = XCConfigurationList;
			buildConfigurations = (
				F344F3E3207E5E7400BD0AC9 /* Debug */,
				F344F3E4207E5E7400BD0AC9 /* Release */,
			);
			defaultConfigurationIsVisible = 0;
			defaultConfigurationName = Release;
		};
		F344F3E5207E5E7400BD0AC9 /* Build configuration list for PBXNativeTarget "ITunesStartProject" */ = {
			isa = XCConfigurationList;
			buildConfigurations = (
				F344F3E6207E5E7400BD0AC9 /* Debug */,
				F344F3E7207E5E7400BD0AC9 /* Release */,
			);
			defaultConfigurationIsVisible = 0;
			defaultConfigurationName = Release;
		};
/* End XCConfigurationList section */
	};
	rootObject = F344F3CB207E5E7400BD0AC9 /* Project object */;
}
